
Microsoft Visual Studio Solution File, Format Version 12.00
# Visual Studio Version 16
VisualStudioVersion = 16.0.31605.320
MinimumVisualStudioVersion = 10.0.40219.1
Project("{FAE04EC0-301F-11D3-BF4B-00C04F79EFBC}") = "Monitor", "Monitor\Monitor.csproj", "{DB204449-8427-4E91-9670-014D38BF6367}"
EndProject
Project("{FAE04EC0-301F-11D3-BF4B-00C04F79EFBC}") = "Endpoint", "Endpoint\Endpoint.csproj", "{FE9E00B3-5ED9-40EA-BFC1-F7FEA1D896A7}"
EndProject
Project("{FAE04EC0-301F-11D3-BF4B-00C04F79EFBC}") = "Entities", "Entities\Entities.csproj", "{ABC775C8-F195-480E-A237-C5173596356A}"
EndProject
Global
	GlobalSection(SolutionConfigurationPlatforms) = preSolution
		Debug|Any CPU = Debug|Any CPU
		Release|Any CPU = Release|Any CPU
	EndGlobalSection
	GlobalSection(ProjectConfigurationPlatforms) = postSolution
		{DB204449-8427-4E91-9670-014D38BF6367}.Debug|Any CPU.ActiveCfg = Debug|Any CPU
		{DB204449-8427-4E91-9670-014D38BF6367}.Debug|Any CPU.Build.0 = Debug|Any CPU
		{DB204449-8427-4E91-9670-014D38BF6367}.Release|Any CPU.ActiveCfg = Release|Any CPU
		{DB204449-8427-4E91-9670-014D38BF6367}.Release|Any CPU.Build.0 = Release|Any CPU
		{FE9E00B3-5ED9-40EA-BFC1-F7FEA1D896A7}.Debug|Any CPU.ActiveCfg = Debug|Any CPU
		{FE9E00B3-5ED9-40EA-BFC1-F7FEA1D896A7}.Debug|Any CPU.Build.0 = Debug|Any CPU
		{FE9E00B3-5ED9-40EA-BFC1-F7FEA1D896A7}.Release|Any CPU.ActiveCfg = Release|Any CPU
		{FE9E00B3-5ED9-40EA-BFC1-F7FEA1D896A7}.Release|Any CPU.Build.0 = Release|Any CPU
		{ABC775C8-F195-480E-A237-C5173596356A}.Debug|Any CPU.ActiveCfg = Debug|Any CPU
		{ABC775C8-F195-480E-A237-C5173596356A}.Debug|Any CPU.Build.0 = Debug|Any CPU
		{ABC775C8-F195-480E-A237-C5173596356A}.Release|Any CPU.ActiveCfg = Release|Any CPU
		{ABC775C8-F195-480E-A237-C5173596356A}.Release|Any CPU.Build.0 = Release|Any CPU
	EndGlobalSection
	GlobalSection(SolutionProperties) = preSolution
		HideSolutionNode = FALSE
	EndGlobalSection
	GlobalSection(ExtensibilityGlobals) = postSolution
		SolutionGuid = {25EAB61C-3C86-4728-ADF9-B707A29990A2}
	EndGlobalSection
EndGlobal
